// !$*UTF8*$!
{
	archiveVersion = 1;
	classes = {
	};
	objectVersion = 56;
	objects = {

/* Begin PBXBuildFile section */
		C01A56802B81F5AB007CFAB5 /* GithubViewerApp.swift in Sources */ = {isa = PBXBuildFile; fileRef = C01A567F2B81F5AB007CFAB5 /* GithubViewerApp.swift */; };
		C01A56822B81F5AB007CFAB5 /* ContentView.swift in Sources */ = {isa = PBXBuildFile; fileRef = C01A56812B81F5AB007CFAB5 /* ContentView.swift */; };
		C01A56842B81F5B9007CFAB5 /* Assets.xcassets in Resources */ = {isa = PBXBuildFile; fileRef = C01A56832B81F5B9007CFAB5 /* Assets.xcassets */; };
		C01A56872B81F5B9007CFAB5 /* Preview Assets.xcassets in Resources */ = {isa = PBXBuildFile; fileRef = C01A56862B81F5B9007CFAB5 /* Preview Assets.xcassets */; };
		C01A56912B81F5B9007CFAB5 /* GithubViewerTests.swift in Sources */ = {isa = PBXBuildFile; fileRef = C01A56902B81F5B9007CFAB5 /* GithubViewerTests.swift */; };
		C01A569B2B81F5B9007CFAB5 /* GithubViewerUITests.swift in Sources */ = {isa = PBXBuildFile; fileRef = C01A569A2B81F5B9007CFAB5 /* GithubViewerUITests.swift */; };
		C01A569D2B81F5B9007CFAB5 /* GithubViewerUITestsLaunchTests.swift in Sources */ = {isa = PBXBuildFile; fileRef = C01A569C2B81F5B9007CFAB5 /* GithubViewerUITestsLaunchTests.swift */; };
		C05218752BC280DF00905C23 /* Search in Frameworks */ = {isa = PBXBuildFile; productRef = C05218742BC280DF00905C23 /* Search */; };
		C052187F2BCC305000905C23 /* SearchSandboxApp.swift in Sources */ = {isa = PBXBuildFile; fileRef = C052187E2BCC305000905C23 /* SearchSandboxApp.swift */; };
		C05218812BCC305000905C23 /* ContentView.swift in Sources */ = {isa = PBXBuildFile; fileRef = C05218802BCC305000905C23 /* ContentView.swift */; };
		C05218832BCC305200905C23 /* Assets.xcassets in Resources */ = {isa = PBXBuildFile; fileRef = C05218822BCC305200905C23 /* Assets.xcassets */; };
		C05218862BCC305200905C23 /* Preview Assets.xcassets in Resources */ = {isa = PBXBuildFile; fileRef = C05218852BCC305200905C23 /* Preview Assets.xcassets */; };
		C052188B2BCC308100905C23 /* Search in Frameworks */ = {isa = PBXBuildFile; productRef = C052188A2BCC308100905C23 /* Search */; };
/* End PBXBuildFile section */

/* Begin PBXContainerItemProxy section */
		C01A568D2B81F5B9007CFAB5 /* PBXContainerItemProxy */ = {
			isa = PBXContainerItemProxy;
			containerPortal = C01A56742B81F5AB007CFAB5 /* Project object */;
			proxyType = 1;
			remoteGlobalIDString = C01A567B2B81F5AB007CFAB5;
			remoteInfo = GithubViewer;
		};
		C01A56972B81F5B9007CFAB5 /* PBXContainerItemProxy */ = {
			isa = PBXContainerItemProxy;
			containerPortal = C01A56742B81F5AB007CFAB5 /* Project object */;
			proxyType = 1;
			remoteGlobalIDString = C01A567B2B81F5AB007CFAB5;
			remoteInfo = GithubViewer;
		};
/* End PBXContainerItemProxy section */

/* Begin PBXFileReference section */
		C01A567C2B81F5AB007CFAB5 /* GithubViewer.app */ = {isa = PBXFileReference; explicitFileType = wrapper.application; includeInIndex = 0; path = GithubViewer.app; sourceTree = BUILT_PRODUCTS_DIR; };
		C01A567F2B81F5AB007CFAB5 /* GithubViewerApp.swift */ = {isa = PBXFileReference; lastKnownFileType = sourcecode.swift; path = GithubViewerApp.swift; sourceTree = "<group>"; };
		C01A56812B81F5AB007CFAB5 /* ContentView.swift */ = {isa = PBXFileReference; lastKnownFileType = sourcecode.swift; path = ContentView.swift; sourceTree = "<group>"; };
		C01A56832B81F5B9007CFAB5 /* Assets.xcassets */ = {isa = PBXFileReference; lastKnownFileType = folder.assetcatalog; path = Assets.xcassets; sourceTree = "<group>"; };
		C01A56862B81F5B9007CFAB5 /* Preview Assets.xcassets */ = {isa = PBXFileReference; lastKnownFileType = folder.assetcatalog; path = "Preview Assets.xcassets"; sourceTree = "<group>"; };
		C01A568C2B81F5B9007CFAB5 /* GithubViewerTests.xctest */ = {isa = PBXFileReference; explicitFileType = wrapper.cfbundle; includeInIndex = 0; path = GithubViewerTests.xctest; sourceTree = BUILT_PRODUCTS_DIR; };
		C01A56902B81F5B9007CFAB5 /* GithubViewerTests.swift */ = {isa = PBXFileReference; lastKnownFileType = sourcecode.swift; path = GithubViewerTests.swift; sourceTree = "<group>"; };
		C01A56962B81F5B9007CFAB5 /* GithubViewerUITests.xctest */ = {isa = PBXFileReference; explicitFileType = wrapper.cfbundle; includeInIndex = 0; path = GithubViewerUITests.xctest; sourceTree = BUILT_PRODUCTS_DIR; };
		C01A569A2B81F5B9007CFAB5 /* GithubViewerUITests.swift */ = {isa = PBXFileReference; lastKnownFileType = sourcecode.swift; path = GithubViewerUITests.swift; sourceTree = "<group>"; };
		C01A569C2B81F5B9007CFAB5 /* GithubViewerUITestsLaunchTests.swift */ = {isa = PBXFileReference; lastKnownFileType = sourcecode.swift; path = GithubViewerUITestsLaunchTests.swift; sourceTree = "<group>"; };
		C01A56A92B81F77A007CFAB5 /* SharedModules */ = {isa = PBXFileReference; lastKnownFileType = wrapper; path = SharedModules; sourceTree = "<group>"; };
		C01A56AA2B81F79E007CFAB5 /* FeatureModules */ = {isa = PBXFileReference; lastKnownFileType = wrapper; path = FeatureModules; sourceTree = "<group>"; };
		C05218772BCC2F1400905C23 /* GithubViewer.xctestplan */ = {isa = PBXFileReference; lastKnownFileType = text; path = GithubViewer.xctestplan; sourceTree = "<group>"; };
		C052187C2BCC305000905C23 /* SearchSandbox.app */ = {isa = PBXFileReference; explicitFileType = wrapper.application; includeInIndex = 0; path = SearchSandbox.app; sourceTree = BUILT_PRODUCTS_DIR; };
		C052187E2BCC305000905C23 /* SearchSandboxApp.swift */ = {isa = PBXFileReference; lastKnownFileType = sourcecode.swift; path = SearchSandboxApp.swift; sourceTree = "<group>"; };
		C05218802BCC305000905C23 /* ContentView.swift */ = {isa = PBXFileReference; lastKnownFileType = sourcecode.swift; path = ContentView.swift; sourceTree = "<group>"; };
		C05218822BCC305200905C23 /* Assets.xcassets */ = {isa = PBXFileReference; lastKnownFileType = folder.assetcatalog; path = Assets.xcassets; sourceTree = "<group>"; };
		C05218852BCC305200905C23 /* Preview Assets.xcassets */ = {isa = PBXFileReference; lastKnownFileType = folder.assetcatalog; path = "Preview Assets.xcassets"; sourceTree = "<group>"; };
/* End PBXFileReference section */

/* Begin PBXFrameworksBuildPhase section */
		C01A56792B81F5AB007CFAB5 /* Frameworks */ = {
			isa = PBXFrameworksBuildPhase;
			buildActionMask = 2147483647;
			files = (
				C05218752BC280DF00905C23 /* Search in Frameworks */,
			);
			runOnlyForDeploymentPostprocessing = 0;
		};
		C01A56892B81F5B9007CFAB5 /* Frameworks */ = {
			isa = PBXFrameworksBuildPhase;
			buildActionMask = 2147483647;
			files = (
			);
			runOnlyForDeploymentPostprocessing = 0;
		};
		C01A56932B81F5B9007CFAB5 /* Frameworks */ = {
			isa = PBXFrameworksBuildPhase;
			buildActionMask = 2147483647;
			files = (
			);
			runOnlyForDeploymentPostprocessing = 0;
		};
		C05218792BCC305000905C23 /* Frameworks */ = {
			isa = PBXFrameworksBuildPhase;
			buildActionMask = 2147483647;
			files = (
				C052188B2BCC308100905C23 /* Search in Frameworks */,
			);
			runOnlyForDeploymentPostprocessing = 0;
		};
/* End PBXFrameworksBuildPhase section */

/* Begin PBXGroup section */
		C01A56732B81F5AB007CFAB5 = {
			isa = PBXGroup;
			children = (
				C05218772BCC2F1400905C23 /* GithubViewer.xctestplan */,
				C01A56A92B81F77A007CFAB5 /* SharedModules */,
				C01A56AA2B81F79E007CFAB5 /* FeatureModules */,
				C01A567E2B81F5AB007CFAB5 /* GithubViewer */,
				C01A568F2B81F5B9007CFAB5 /* GithubViewerTests */,
				C01A56992B81F5B9007CFAB5 /* GithubViewerUITests */,
				C052187D2BCC305000905C23 /* SearchSandbox */,
				C01A567D2B81F5AB007CFAB5 /* Products */,
				C0A9184C2B943C260092922A /* Frameworks */,
			);
			sourceTree = "<group>";
		};
		C01A567D2B81F5AB007CFAB5 /* Products */ = {
			isa = PBXGroup;
			children = (
				C01A567C2B81F5AB007CFAB5 /* GithubViewer.app */,
				C01A568C2B81F5B9007CFAB5 /* GithubViewerTests.xctest */,
				C01A56962B81F5B9007CFAB5 /* GithubViewerUITests.xctest */,
				C052187C2BCC305000905C23 /* SearchSandbox.app */,
			);
			name = Products;
			sourceTree = "<group>";
		};
		C01A567E2B81F5AB007CFAB5 /* GithubViewer */ = {
			isa = PBXGroup;
			children = (
				C01A567F2B81F5AB007CFAB5 /* GithubViewerApp.swift */,
				C01A56812B81F5AB007CFAB5 /* ContentView.swift */,
				C01A56832B81F5B9007CFAB5 /* Assets.xcassets */,
				C01A56852B81F5B9007CFAB5 /* Preview Content */,
			);
			path = GithubViewer;
			sourceTree = "<group>";
		};
		C01A56852B81F5B9007CFAB5 /* Preview Content */ = {
			isa = PBXGroup;
			children = (
				C01A56862B81F5B9007CFAB5 /* Preview Assets.xcassets */,
			);
			path = "Preview Content";
			sourceTree = "<group>";
		};
		C01A568F2B81F5B9007CFAB5 /* GithubViewerTests */ = {
			isa = PBXGroup;
			children = (
				C01A56902B81F5B9007CFAB5 /* GithubViewerTests.swift */,
			);
			path = GithubViewerTests;
			sourceTree = "<group>";
		};
		C01A56992B81F5B9007CFAB5 /* GithubViewerUITests */ = {
			isa = PBXGroup;
			children = (
				C01A569A2B81F5B9007CFAB5 /* GithubViewerUITests.swift */,
				C01A569C2B81F5B9007CFAB5 /* GithubViewerUITestsLaunchTests.swift */,
			);
			path = GithubViewerUITests;
			sourceTree = "<group>";
		};
		C052187D2BCC305000905C23 /* SearchSandbox */ = {
			isa = PBXGroup;
			children = (
				C052187E2BCC305000905C23 /* SearchSandboxApp.swift */,
				C05218802BCC305000905C23 /* ContentView.swift */,
				C05218822BCC305200905C23 /* Assets.xcassets */,
				C05218842BCC305200905C23 /* Preview Content */,
			);
			path = SearchSandbox;
			sourceTree = "<group>";
		};
		C05218842BCC305200905C23 /* Preview Content */ = {
			isa = PBXGroup;
			children = (
				C05218852BCC305200905C23 /* Preview Assets.xcassets */,
			);
			path = "Preview Content";
			sourceTree = "<group>";
		};
		C0A9184C2B943C260092922A /* Frameworks */ = {
			isa = PBXGroup;
			children = (
			);
			name = Frameworks;
			sourceTree = "<group>";
		};
/* End PBXGroup section */

/* Begin PBXNativeTarget section */
		C01A567B2B81F5AB007CFAB5 /* GithubViewer */ = {
			isa = PBXNativeTarget;
			buildConfigurationList = C01A56A02B81F5B9007CFAB5 /* Build configuration list for PBXNativeTarget "GithubViewer" */;
			buildPhases = (
				C01A56782B81F5AB007CFAB5 /* Sources */,
				C01A56792B81F5AB007CFAB5 /* Frameworks */,
				C01A567A2B81F5AB007CFAB5 /* Resources */,
				C0A9184B2B9375430092922A /* ShellScript */,
			);
			buildRules = (
			);
			dependencies = (
			);
			name = GithubViewer;
			packageProductDependencies = (
				C05218742BC280DF00905C23 /* Search */,
			);
			productName = GithubViewer;
			productReference = C01A567C2B81F5AB007CFAB5 /* GithubViewer.app */;
			productType = "com.apple.product-type.application";
		};
		C01A568B2B81F5B9007CFAB5 /* GithubViewerTests */ = {
			isa = PBXNativeTarget;
			buildConfigurationList = C01A56A32B81F5B9007CFAB5 /* Build configuration list for PBXNativeTarget "GithubViewerTests" */;
			buildPhases = (
				C01A56882B81F5B9007CFAB5 /* Sources */,
				C01A56892B81F5B9007CFAB5 /* Frameworks */,
				C01A568A2B81F5B9007CFAB5 /* Resources */,
			);
			buildRules = (
			);
			dependencies = (
				C01A568E2B81F5B9007CFAB5 /* PBXTargetDependency */,
			);
			name = GithubViewerTests;
			productName = GithubViewerTests;
			productReference = C01A568C2B81F5B9007CFAB5 /* GithubViewerTests.xctest */;
			productType = "com.apple.product-type.bundle.unit-test";
		};
		C01A56952B81F5B9007CFAB5 /* GithubViewerUITests */ = {
			isa = PBXNativeTarget;
			buildConfigurationList = C01A56A62B81F5B9007CFAB5 /* Build configuration list for PBXNativeTarget "GithubViewerUITests" */;
			buildPhases = (
				C01A56922B81F5B9007CFAB5 /* Sources */,
				C01A56932B81F5B9007CFAB5 /* Frameworks */,
				C01A56942B81F5B9007CFAB5 /* Resources */,
			);
			buildRules = (
			);
			dependencies = (
				C01A56982B81F5B9007CFAB5 /* PBXTargetDependency */,
			);
			name = GithubViewerUITests;
			productName = GithubViewerUITests;
			productReference = C01A56962B81F5B9007CFAB5 /* GithubViewerUITests.xctest */;
			productType = "com.apple.product-type.bundle.ui-testing";
		};
		C052187B2BCC305000905C23 /* SearchSandbox */ = {
			isa = PBXNativeTarget;
			buildConfigurationList = C05218892BCC305200905C23 /* Build configuration list for PBXNativeTarget "SearchSandbox" */;
			buildPhases = (
				C05218782BCC305000905C23 /* Sources */,
				C05218792BCC305000905C23 /* Frameworks */,
				C052187A2BCC305000905C23 /* Resources */,
			);
			buildRules = (
			);
			dependencies = (
			);
			name = SearchSandbox;
			packageProductDependencies = (
				C052188A2BCC308100905C23 /* Search */,
			);
			productName = SearchSandbox;
			productReference = C052187C2BCC305000905C23 /* SearchSandbox.app */;
			productType = "com.apple.product-type.application";
		};
/* End PBXNativeTarget section */

/* Begin PBXProject section */
		C01A56742B81F5AB007CFAB5 /* Project object */ = {
			isa = PBXProject;
			attributes = {
				BuildIndependentTargetsInParallel = 1;
				LastSwiftUpdateCheck = 1510;
				LastUpgradeCheck = 1510;
				TargetAttributes = {
					C01A567B2B81F5AB007CFAB5 = {
						CreatedOnToolsVersion = 15.1;
					};
					C01A568B2B81F5B9007CFAB5 = {
						CreatedOnToolsVersion = 15.1;
						TestTargetID = C01A567B2B81F5AB007CFAB5;
					};
					C01A56952B81F5B9007CFAB5 = {
						CreatedOnToolsVersion = 15.1;
						TestTargetID = C01A567B2B81F5AB007CFAB5;
					};
					C052187B2BCC305000905C23 = {
						CreatedOnToolsVersion = 15.1;
					};
				};
			};
			buildConfigurationList = C01A56772B81F5AB007CFAB5 /* Build configuration list for PBXProject "GithubViewer" */;
			compatibilityVersion = "Xcode 14.0";
			developmentRegion = en;
			hasScannedForEncodings = 0;
			knownRegions = (
				en,
				Base,
			);
			mainGroup = C01A56732B81F5AB007CFAB5;
			productRefGroup = C01A567D2B81F5AB007CFAB5 /* Products */;
			projectDirPath = "";
			projectRoot = "";
			targets = (
				C01A567B2B81F5AB007CFAB5 /* GithubViewer */,
				C01A568B2B81F5B9007CFAB5 /* GithubViewerTests */,
				C01A56952B81F5B9007CFAB5 /* GithubViewerUITests */,
				C052187B2BCC305000905C23 /* SearchSandbox */,
			);
		};
/* End PBXProject section */

/* Begin PBXResourcesBuildPhase section */
		C01A567A2B81F5AB007CFAB5 /* Resources */ = {
			isa = PBXResourcesBuildPhase;
			buildActionMask = 2147483647;
			files = (
				C01A56872B81F5B9007CFAB5 /* Preview Assets.xcassets in Resources */,
				C01A56842B81F5B9007CFAB5 /* Assets.xcassets in Resources */,
			);
			runOnlyForDeploymentPostprocessing = 0;
		};
		C01A568A2B81F5B9007CFAB5 /* Resources */ = {
			isa = PBXResourcesBuildPhase;
			buildActionMask = 2147483647;
			files = (
			);
			runOnlyForDeploymentPostprocessing = 0;
		};
		C01A56942B81F5B9007CFAB5 /* Resources */ = {
			isa = PBXResourcesBuildPhase;
			buildActionMask = 2147483647;
			files = (
			);
			runOnlyForDeploymentPostprocessing = 0;
		};
		C052187A2BCC305000905C23 /* Resources */ = {
			isa = PBXResourcesBuildPhase;
			buildActionMask = 2147483647;
			files = (
				C05218862BCC305200905C23 /* Preview Assets.xcassets in Resources */,
				C05218832BCC305200905C23 /* Assets.xcassets in Resources */,
			);
			runOnlyForDeploymentPostprocessing = 0;
		};
/* End PBXResourcesBuildPhase section */

/* Begin PBXShellScriptBuildPhase section */
		C0A9184B2B9375430092922A /* ShellScript */ = {
			isa = PBXShellScriptBuildPhase;
			buildActionMask = 2147483647;
			files = (
			);
			inputFileListPaths = (
			);
			inputPaths = (
			);
			outputFileListPaths = (
			);
			outputPaths = (
			);
			runOnlyForDeploymentPostprocessing = 0;
			shellPath = /bin/sh;
			shellScript = "export PATH=\"/opt/homebrew/bin:$PATH\"\n\nif which mint >/dev/null; then\n  mint run swiftlint --fix && mint run swiftlint  \nelse\n  echo \"warning: Mint not installed\"\nfi\n";
		};
/* End PBXShellScriptBuildPhase section */

/* Begin PBXSourcesBuildPhase section */
		C01A56782B81F5AB007CFAB5 /* Sources */ = {
			isa = PBXSourcesBuildPhase;
			buildActionMask = 2147483647;
			files = (
				C01A56822B81F5AB007CFAB5 /* ContentView.swift in Sources */,
				C01A56802B81F5AB007CFAB5 /* GithubViewerApp.swift in Sources */,
			);
			runOnlyForDeploymentPostprocessing = 0;
		};
		C01A56882B81F5B9007CFAB5 /* Sources */ = {
			isa = PBXSourcesBuildPhase;
			buildActionMask = 2147483647;
			files = (
				C01A56912B81F5B9007CFAB5 /* GithubViewerTests.swift in Sources */,
			);
			runOnlyForDeploymentPostprocessing = 0;
		};
		C01A56922B81F5B9007CFAB5 /* Sources */ = {
			isa = PBXSourcesBuildPhase;
			buildActionMask = 2147483647;
			files = (
				C01A569B2B81F5B9007CFAB5 /* GithubViewerUITests.swift in Sources */,
				C01A569D2B81F5B9007CFAB5 /* GithubViewerUITestsLaunchTests.swift in Sources */,
			);
			runOnlyForDeploymentPostprocessing = 0;
		};
		C05218782BCC305000905C23 /* Sources */ = {
			isa = PBXSourcesBuildPhase;
			buildActionMask = 2147483647;
			files = (
				C05218812BCC305000905C23 /* ContentView.swift in Sources */,
				C052187F2BCC305000905C23 /* SearchSandboxApp.swift in Sources */,
			);
			runOnlyForDeploymentPostprocessing = 0;
		};
/* End PBXSourcesBuildPhase section */

/* Begin PBXTargetDependency section */
		C01A568E2B81F5B9007CFAB5 /* PBXTargetDependency */ = {
			isa = PBXTargetDependency;
			target = C01A567B2B81F5AB007CFAB5 /* GithubViewer */;
			targetProxy = C01A568D2B81F5B9007CFAB5 /* PBXContainerItemProxy */;
		};
		C01A56982B81F5B9007CFAB5 /* PBXTargetDependency */ = {
			isa = PBXTargetDependency;
			target = C01A567B2B81F5AB007CFAB5 /* GithubViewer */;
			targetProxy = C01A56972B81F5B9007CFAB5 /* PBXContainerItemProxy */;
		};
/* End PBXTargetDependency section */

/* Begin XCBuildConfiguration section */
		C01A569E2B81F5B9007CFAB5 /* Debug */ = {
			isa = XCBuildConfiguration;
			buildSettings = {
				ALWAYS_SEARCH_USER_PATHS = NO;
				ASSETCATALOG_COMPILER_GENERATE_SWIFT_ASSET_SYMBOL_EXTENSIONS = YES;
				CLANG_ANALYZER_NONNULL = YES;
				CLANG_ANALYZER_NUMBER_OBJECT_CONVERSION = YES_AGGRESSIVE;
				CLANG_CXX_LANGUAGE_STANDARD = "gnu++20";
				CLANG_ENABLE_MODULES = YES;
				CLANG_ENABLE_OBJC_ARC = YES;
				CLANG_ENABLE_OBJC_WEAK = YES;
				CLANG_WARN_BLOCK_CAPTURE_AUTORELEASING = YES;
				CLANG_WARN_BOOL_CONVERSION = YES;
				CLANG_WARN_COMMA = YES;
				CLANG_WARN_CONSTANT_CONVERSION = YES;
				CLANG_WARN_DEPRECATED_OBJC_IMPLEMENTATIONS = YES;
				CLANG_WARN_DIRECT_OBJC_ISA_USAGE = YES_ERROR;
				CLANG_WARN_DOCUMENTATION_COMMENTS = YES;
				CLANG_WARN_EMPTY_BODY = YES;
				CLANG_WARN_ENUM_CONVERSION = YES;
				CLANG_WARN_INFINITE_RECURSION = YES;
				CLANG_WARN_INT_CONVERSION = YES;
				CLANG_WARN_NON_LITERAL_NULL_CONVERSION = YES;
				CLANG_WARN_OBJC_IMPLICIT_RETAIN_SELF = YES;
				CLANG_WARN_OBJC_LITERAL_CONVERSION = YES;
				CLANG_WARN_OBJC_ROOT_CLASS = YES_ERROR;
				CLANG_WARN_QUOTED_INCLUDE_IN_FRAMEWORK_HEADER = YES;
				CLANG_WARN_RANGE_LOOP_ANALYSIS = YES;
				CLANG_WARN_STRICT_PROTOTYPES = YES;
				CLANG_WARN_SUSPICIOUS_MOVE = YES;
				CLANG_WARN_UNGUARDED_AVAILABILITY = YES_AGGRESSIVE;
				CLANG_WARN_UNREACHABLE_CODE = YES;
				CLANG_WARN__DUPLICATE_METHOD_MATCH = YES;
				COPY_PHASE_STRIP = NO;
				DEBUG_INFORMATION_FORMAT = dwarf;
				ENABLE_STRICT_OBJC_MSGSEND = YES;
				ENABLE_TESTABILITY = YES;
				ENABLE_USER_SCRIPT_SANDBOXING = NO;
				GCC_C_LANGUAGE_STANDARD = gnu17;
				GCC_DYNAMIC_NO_PIC = NO;
				GCC_NO_COMMON_BLOCKS = YES;
				GCC_OPTIMIZATION_LEVEL = 0;
				GCC_PREPROCESSOR_DEFINITIONS = (
					"DEBUG=1",
					"$(inherited)",
				);
				GCC_WARN_64_TO_32_BIT_CONVERSION = YES;
				GCC_WARN_ABOUT_RETURN_TYPE = YES_ERROR;
				GCC_WARN_UNDECLARED_SELECTOR = YES;
				GCC_WARN_UNINITIALIZED_AUTOS = YES_AGGRESSIVE;
				GCC_WARN_UNUSED_FUNCTION = YES;
				GCC_WARN_UNUSED_VARIABLE = YES;
				IPHONEOS_DEPLOYMENT_TARGET = 17.2;
				LOCALIZATION_PREFERS_STRING_CATALOGS = YES;
				MTL_ENABLE_DEBUG_INFO = INCLUDE_SOURCE;
				MTL_FAST_MATH = YES;
				ONLY_ACTIVE_ARCH = YES;
				SDKROOT = iphoneos;
				SWIFT_ACTIVE_COMPILATION_CONDITIONS = "DEBUG $(inherited)";
				SWIFT_OPTIMIZATION_LEVEL = "-Onone";
			};
			name = Debug;
		};
		C01A569F2B81F5B9007CFAB5 /* Release */ = {
			isa = XCBuildConfiguration;
			buildSettings = {
				ALWAYS_SEARCH_USER_PATHS = NO;
				ASSETCATALOG_COMPILER_GENERATE_SWIFT_ASSET_SYMBOL_EXTENSIONS = YES;
				CLANG_ANALYZER_NONNULL = YES;
				CLANG_ANALYZER_NUMBER_OBJECT_CONVERSION = YES_AGGRESSIVE;
				CLANG_CXX_LANGUAGE_STANDARD = "gnu++20";
				CLANG_ENABLE_MODULES = YES;
				CLANG_ENABLE_OBJC_ARC = YES;
				CLANG_ENABLE_OBJC_WEAK = YES;
				CLANG_WARN_BLOCK_CAPTURE_AUTORELEASING = YES;
				CLANG_WARN_BOOL_CONVERSION = YES;
				CLANG_WARN_COMMA = YES;
				CLANG_WARN_CONSTANT_CONVERSION = YES;
				CLANG_WARN_DEPRECATED_OBJC_IMPLEMENTATIONS = YES;
				CLANG_WARN_DIRECT_OBJC_ISA_USAGE = YES_ERROR;
				CLANG_WARN_DOCUMENTATION_COMMENTS = YES;
				CLANG_WARN_EMPTY_BODY = YES;
				CLANG_WARN_ENUM_CONVERSION = YES;
				CLANG_WARN_INFINITE_RECURSION = YES;
				CLANG_WARN_INT_CONVERSION = YES;
				CLANG_WARN_NON_LITERAL_NULL_CONVERSION = YES;
				CLANG_WARN_OBJC_IMPLICIT_RETAIN_SELF = YES;
				CLANG_WARN_OBJC_LITERAL_CONVERSION = YES;
				CLANG_WARN_OBJC_ROOT_CLASS = YES_ERROR;
				CLANG_WARN_QUOTED_INCLUDE_IN_FRAMEWORK_HEADER = YES;
				CLANG_WARN_RANGE_LOOP_ANALYSIS = YES;
				CLANG_WARN_STRICT_PROTOTYPES = YES;
				CLANG_WARN_SUSPICIOUS_MOVE = YES;
				CLANG_WARN_UNGUARDED_AVAILABILITY = YES_AGGRESSIVE;
				CLANG_WARN_UNREACHABLE_CODE = YES;
				CLANG_WARN__DUPLICATE_METHOD_MATCH = YES;
				COPY_PHASE_STRIP = NO;
				DEBUG_INFORMATION_FORMAT = "dwarf-with-dsym";
				ENABLE_NS_ASSERTIONS = NO;
				ENABLE_STRICT_OBJC_MSGSEND = YES;
				ENABLE_USER_SCRIPT_SANDBOXING = NO;
				GCC_C_LANGUAGE_STANDARD = gnu17;
				GCC_NO_COMMON_BLOCKS = YES;
				GCC_WARN_64_TO_32_BIT_CONVERSION = YES;
				GCC_WARN_ABOUT_RETURN_TYPE = YES_ERROR;
				GCC_WARN_UNDECLARED_SELECTOR = YES;
				GCC_WARN_UNINITIALIZED_AUTOS = YES_AGGRESSIVE;
				GCC_WARN_UNUSED_FUNCTION = YES;
				GCC_WARN_UNUSED_VARIABLE = YES;
				IPHONEOS_DEPLOYMENT_TARGET = 17.2;
				LOCALIZATION_PREFERS_STRING_CATALOGS = YES;
				MTL_ENABLE_DEBUG_INFO = NO;
				MTL_FAST_MATH = YES;
				SDKROOT = iphoneos;
				SWIFT_COMPILATION_MODE = wholemodule;
				VALIDATE_PRODUCT = YES;
			};
			name = Release;
		};
		C01A56A12B81F5B9007CFAB5 /* Debug */ = {
			isa = XCBuildConfiguration;
			buildSettings = {
				ASSETCATALOG_COMPILER_APPICON_NAME = AppIcon;
				ASSETCATALOG_COMPILER_GLOBAL_ACCENT_COLOR_NAME = AccentColor;
				CODE_SIGN_STYLE = Automatic;
				CURRENT_PROJECT_VERSION = 1;
				DEVELOPMENT_ASSET_PATHS = "GithubViewer/Preview\\ Content";
				DEVELOPMENT_TEAM = G4WY3C4456;
				ENABLE_PREVIEWS = YES;
				GENERATE_INFOPLIST_FILE = YES;
				INFOPLIST_KEY_UIApplicationSceneManifest_Generation = YES;
				INFOPLIST_KEY_UIApplicationSupportsIndirectInputEvents = YES;
				INFOPLIST_KEY_UILaunchScreen_Generation = YES;
				INFOPLIST_KEY_UISupportedInterfaceOrientations_iPad = "UIInterfaceOrientationPortrait UIInterfaceOrientationPortraitUpsideDown UIInterfaceOrientationLandscapeLeft UIInterfaceOrientationLandscapeRight";
				INFOPLIST_KEY_UISupportedInterfaceOrientations_iPhone = "UIInterfaceOrientationPortrait UIInterfaceOrientationLandscapeLeft UIInterfaceOrientationLandscapeRight";
				IPHONEOS_DEPLOYMENT_TARGET = 16.0;
				LD_RUNPATH_SEARCH_PATHS = (
					"$(inherited)",
					"@executable_path/Frameworks",
				);
				MARKETING_VERSION = 1.0;
				PRODUCT_BUNDLE_IDENTIFIER = com.GithubViewer;
				PRODUCT_NAME = "$(TARGET_NAME)";
				SUPPORTED_PLATFORMS = "iphoneos iphonesimulator";
				SUPPORTS_MACCATALYST = NO;
				SUPPORTS_MAC_DESIGNED_FOR_IPHONE_IPAD = NO;
				SWIFT_EMIT_LOC_STRINGS = YES;
				SWIFT_VERSION = 5.0;
				TARGETED_DEVICE_FAMILY = "1,2";
			};
			name = Debug;
		};
		C01A56A22B81F5B9007CFAB5 /* Release */ = {
			isa = XCBuildConfiguration;
			buildSettings = {
				ASSETCATALOG_COMPILER_APPICON_NAME = AppIcon;
				ASSETCATALOG_COMPILER_GLOBAL_ACCENT_COLOR_NAME = AccentColor;
				CODE_SIGN_STYLE = Automatic;
				CURRENT_PROJECT_VERSION = 1;
				DEVELOPMENT_ASSET_PATHS = "GithubViewer/Preview\\ Content";
				DEVELOPMENT_TEAM = G4WY3C4456;
				ENABLE_PREVIEWS = YES;
				GENERATE_INFOPLIST_FILE = YES;
				INFOPLIST_KEY_UIApplicationSceneManifest_Generation = YES;
				INFOPLIST_KEY_UIApplicationSupportsIndirectInputEvents = YES;
				INFOPLIST_KEY_UILaunchScreen_Generation = YES;
				INFOPLIST_KEY_UISupportedInterfaceOrientations_iPad = "UIInterfaceOrientationPortrait UIInterfaceOrientationPortraitUpsideDown UIInterfaceOrientationLandscapeLeft UIInterfaceOrientationLandscapeRight";
				INFOPLIST_KEY_UISupportedInterfaceOrientations_iPhone = "UIInterfaceOrientationPortrait UIInterfaceOrientationLandscapeLeft UIInterfaceOrientationLandscapeRight";
				IPHONEOS_DEPLOYMENT_TARGET = 16.0;
				LD_RUNPATH_SEARCH_PATHS = (
					"$(inherited)",
					"@executable_path/Frameworks",
				);
				MARKETING_VERSION = 1.0;
				PRODUCT_BUNDLE_IDENTIFIER = com.GithubViewer;
				PRODUCT_NAME = "$(TARGET_NAME)";
				SUPPORTED_PLATFORMS = "iphoneos iphonesimulator";
				SUPPORTS_MACCATALYST = NO;
				SUPPORTS_MAC_DESIGNED_FOR_IPHONE_IPAD = NO;
				SWIFT_EMIT_LOC_STRINGS = YES;
				SWIFT_VERSION = 5.0;
				TARGETED_DEVICE_FAMILY = "1,2";
			};
			name = Release;
		};
		C01A56A42B81F5B9007CFAB5 /* Debug */ = {
			isa = XCBuildConfiguration;
			buildSettings = {
				ALWAYS_EMBED_SWIFT_STANDARD_LIBRARIES = YES;
				BUNDLE_LOADER = "$(TEST_HOST)";
				CODE_SIGN_STYLE = Automatic;
				CURRENT_PROJECT_VERSION = 1;
				DEVELOPMENT_TEAM = G4WY3C4456;
				GENERATE_INFOPLIST_FILE = YES;
				IPHONEOS_DEPLOYMENT_TARGET = 17.2;
				MARKETING_VERSION = 1.0;
				PRODUCT_BUNDLE_IDENTIFIER = com.GithubViewerTests;
				PRODUCT_NAME = "$(TARGET_NAME)";
				SWIFT_EMIT_LOC_STRINGS = NO;
				SWIFT_VERSION = 5.0;
				TARGETED_DEVICE_FAMILY = "1,2";
				TEST_HOST = "$(BUILT_PRODUCTS_DIR)/GithubViewer.app/$(BUNDLE_EXECUTABLE_FOLDER_PATH)/GithubViewer";
			};
			name = Debug;
		};
		C01A56A52B81F5B9007CFAB5 /* Release */ = {
			isa = XCBuildConfiguration;
			buildSettings = {
				ALWAYS_EMBED_SWIFT_STANDARD_LIBRARIES = YES;
				BUNDLE_LOADER = "$(TEST_HOST)";
				CODE_SIGN_STYLE = Automatic;
				CURRENT_PROJECT_VERSION = 1;
				DEVELOPMENT_TEAM = G4WY3C4456;
				GENERATE_INFOPLIST_FILE = YES;
				IPHONEOS_DEPLOYMENT_TARGET = 17.2;
				MARKETING_VERSION = 1.0;
				PRODUCT_BUNDLE_IDENTIFIER = com.GithubViewerTests;
				PRODUCT_NAME = "$(TARGET_NAME)";
				SWIFT_EMIT_LOC_STRINGS = NO;
				SWIFT_VERSION = 5.0;
				TARGETED_DEVICE_FAMILY = "1,2";
				TEST_HOST = "$(BUILT_PRODUCTS_DIR)/GithubViewer.app/$(BUNDLE_EXECUTABLE_FOLDER_PATH)/GithubViewer";
			};
			name = Release;
		};
		C01A56A72B81F5B9007CFAB5 /* Debug */ = {
			isa = XCBuildConfiguration;
			buildSettings = {
				ALWAYS_EMBED_SWIFT_STANDARD_LIBRARIES = YES;
				CODE_SIGN_STYLE = Automatic;
				CURRENT_PROJECT_VERSION = 1;
				DEVELOPMENT_TEAM = G4WY3C4456;
				GENERATE_INFOPLIST_FILE = YES;
				MARKETING_VERSION = 1.0;
				PRODUCT_BUNDLE_IDENTIFIER = com.GithubViewerUITests;
				PRODUCT_NAME = "$(TARGET_NAME)";
				SWIFT_EMIT_LOC_STRINGS = NO;
				SWIFT_VERSION = 5.0;
				TARGETED_DEVICE_FAMILY = "1,2";
				TEST_TARGET_NAME = GithubViewer;
			};
			name = Debug;
		};
		C01A56A82B81F5B9007CFAB5 /* Release */ = {
			isa = XCBuildConfiguration;
			buildSettings = {
				ALWAYS_EMBED_SWIFT_STANDARD_LIBRARIES = YES;
				CODE_SIGN_STYLE = Automatic;
				CURRENT_PROJECT_VERSION = 1;
				DEVELOPMENT_TEAM = G4WY3C4456;
				GENERATE_INFOPLIST_FILE = YES;
				MARKETING_VERSION = 1.0;
				PRODUCT_BUNDLE_IDENTIFIER = com.GithubViewerUITests;
				PRODUCT_NAME = "$(TARGET_NAME)";
				SWIFT_EMIT_LOC_STRINGS = NO;
				SWIFT_VERSION = 5.0;
				TARGETED_DEVICE_FAMILY = "1,2";
				TEST_TARGET_NAME = GithubViewer;
			};
			name = Release;
		};
		C05218872BCC305200905C23 /* Debug */ = {
			isa = XCBuildConfiguration;
			buildSettings = {
				ASSETCATALOG_COMPILER_APPICON_NAME = AppIcon;
				ASSETCATALOG_COMPILER_GLOBAL_ACCENT_COLOR_NAME = AccentColor;
				CODE_SIGN_STYLE = Automatic;
				CURRENT_PROJECT_VERSION = 1;
				DEVELOPMENT_ASSET_PATHS = "\"SearchSandbox/Preview Content\"";
				DEVELOPMENT_TEAM = G4WY3C4456;
				ENABLE_PREVIEWS = YES;
				ENABLE_USER_SCRIPT_SANDBOXING = YES;
				GENERATE_INFOPLIST_FILE = YES;
				INFOPLIST_KEY_UIApplicationSceneManifest_Generation = YES;
				INFOPLIST_KEY_UIApplicationSupportsIndirectInputEvents = YES;
				INFOPLIST_KEY_UILaunchScreen_Generation = YES;
				INFOPLIST_KEY_UISupportedInterfaceOrientations_iPad = "UIInterfaceOrientationPortrait UIInterfaceOrientationPortraitUpsideDown UIInterfaceOrientationLandscapeLeft UIInterfaceOrientationLandscapeRight";
				INFOPLIST_KEY_UISupportedInterfaceOrientations_iPhone = "UIInterfaceOrientationPortrait UIInterfaceOrientationLandscapeLeft UIInterfaceOrientationLandscapeRight";
				LD_RUNPATH_SEARCH_PATHS = (
					"$(inherited)",
					"@executable_path/Frameworks",
				);
				MARKETING_VERSION = 1.0;
				PRODUCT_BUNDLE_IDENTIFIER = com.SearchSandbox;
				PRODUCT_NAME = "$(TARGET_NAME)";
				SWIFT_EMIT_LOC_STRINGS = YES;
				SWIFT_VERSION = 5.0;
				TARGETED_DEVICE_FAMILY = "1,2";
			};
			name = Debug;
		};
		C05218882BCC305200905C23 /* Release */ = {
			isa = XCBuildConfiguration;
			buildSettings = {
				ASSETCATALOG_COMPILER_APPICON_NAME = AppIcon;
				ASSETCATALOG_COMPILER_GLOBAL_ACCENT_COLOR_NAME = AccentColor;
				CODE_SIGN_STYLE = Automatic;
				CURRENT_PROJECT_VERSION = 1;
				DEVELOPMENT_ASSET_PATHS = "\"SearchSandbox/Preview Content\"";
				DEVELOPMENT_TEAM = G4WY3C4456;
				ENABLE_PREVIEWS = YES;
				ENABLE_USER_SCRIPT_SANDBOXING = YES;
				GENERATE_INFOPLIST_FILE = YES;
				INFOPLIST_KEY_UIApplicationSceneManifest_Generation = YES;
				INFOPLIST_KEY_UIApplicationSupportsIndirectInputEvents = YES;
				INFOPLIST_KEY_UILaunchScreen_Generation = YES;
				INFOPLIST_KEY_UISupportedInterfaceOrientations_iPad = "UIInterfaceOrientationPortrait UIInterfaceOrientationPortraitUpsideDown UIInterfaceOrientationLandscapeLeft UIInterfaceOrientationLandscapeRight";
				INFOPLIST_KEY_UISupportedInterfaceOrientations_iPhone = "UIInterfaceOrientationPortrait UIInterfaceOrientationLandscapeLeft UIInterfaceOrientationLandscapeRight";
				LD_RUNPATH_SEARCH_PATHS = (
					"$(inherited)",
					"@executable_path/Frameworks",
				);
				MARKETING_VERSION = 1.0;
				PRODUCT_BUNDLE_IDENTIFIER = com.SearchSandbox;
				PRODUCT_NAME = "$(TARGET_NAME)";
				SWIFT_EMIT_LOC_STRINGS = YES;
				SWIFT_VERSION = 5.0;
				TARGETED_DEVICE_FAMILY = "1,2";
			};
			name = Release;
		};
/* End XCBuildConfiguration section */

/* Begin XCConfigurationList section */
		C01A56772B81F5AB007CFAB5 /* Build configuration list for PBXProject "GithubViewer" */ = {
			isa = XCConfigurationList;
			buildConfigurations = (
				C01A569E2B81F5B9007CFAB5 /* Debug */,
				C01A569F2B81F5B9007CFAB5 /* Release */,
			);
			defaultConfigurationIsVisible = 0;
			defaultConfigurationName = Release;
		};
		C01A56A02B81F5B9007CFAB5 /* Build configuration list for PBXNativeTarget "GithubViewer" */ = {
			isa = XCConfigurationList;
			buildConfigurations = (
				C01A56A12B81F5B9007CFAB5 /* Debug */,
				C01A56A22B81F5B9007CFAB5 /* Release */,
			);
			defaultConfigurationIsVisible = 0;
			defaultConfigurationName = Release;
		};
		C01A56A32B81F5B9007CFAB5 /* Build configuration list for PBXNativeTarget "GithubViewerTests" */ = {
			isa = XCConfigurationList;
			buildConfigurations = (
				C01A56A42B81F5B9007CFAB5 /* Debug */,
				C01A56A52B81F5B9007CFAB5 /* Release */,
			);
			defaultConfigurationIsVisible = 0;
			defaultConfigurationName = Release;
		};
		C01A56A62B81F5B9007CFAB5 /* Build configuration list for PBXNativeTarget "GithubViewerUITests" */ = {
			isa = XCConfigurationList;
			buildConfigurations = (
				C01A56A72B81F5B9007CFAB5 /* Debug */,
				C01A56A82B81F5B9007CFAB5 /* Release */,
			);
			defaultConfigurationIsVisible = 0;
			defaultConfigurationName = Release;
		};
		C05218892BCC305200905C23 /* Build configuration list for PBXNativeTarget "SearchSandbox" */ = {
			isa = XCConfigurationList;
			buildConfigurations = (
				C05218872BCC305200905C23 /* Debug */,
				C05218882BCC305200905C23 /* Release */,
			);
			defaultConfigurationIsVisible = 0;
			defaultConfigurationName = Release;
		};
/* End XCConfigurationList section */

/* Begin XCSwiftPackageProductDependency section */
		C05218742BC280DF00905C23 /* Search */ = {
			isa = XCSwiftPackageProductDependency;
			productName = Search;
		};
		C052188A2BCC308100905C23 /* Search */ = {
			isa = XCSwiftPackageProductDependency;
			productName = Search;
		};
/* End XCSwiftPackageProductDependency section */
	};
	rootObject = C01A56742B81F5AB007CFAB5 /* Project object */;
}
